{
  "name": "@appium/opentelemetry",
  "version": "1.0.0",
  "lockfileVersion": 1,
  "requires": true,
  "dependencies": {
    "@opentelemetry/api": {
      "version": "0.18.1",
      "resolved": "https://registry.npmjs.org/@opentelemetry/api/-/api-0.18.1.tgz",
      "integrity": "sha512-pKNxHe3AJ5T2N5G3AlT9gx6FyF5K2FS9ZNc+FipC+f1CpVF/EY+JHTJ749dnM2kWIgZTbDJFiGMuc0FYjNSCOg=="
    },
    "@opentelemetry/api-metrics": {
      "version": "0.19.0",
      "resolved": "https://registry.npmjs.org/@opentelemetry/api-metrics/-/api-metrics-0.19.0.tgz",
      "integrity": "sha512-1JpnkwCkYgZvbcHkF0nNK6RkMqoEx7zxM3oyMEkFNT7F4nh4tFMDHJ+BRelMk8kzeYtnyZ0YCshhO9xS3SXSHQ=="
    },
    "@opentelemetry/context-async-hooks": {
      "version": "0.18.2",
      "resolved": "https://registry.npmjs.org/@opentelemetry/context-async-hooks/-/context-async-hooks-0.18.2.tgz",
      "integrity": "sha512-p//1ocBUI6EKXfyijtOPzKuLGBkNxcZLEWDpKKLw8fVK0gCuJiZ//hYMlemc7WvJuAYH27Vapo3cc6NTt/arPw==",
      "requires": {
        "@opentelemetry/api": "^0.18.1"
      }
    },
    "@opentelemetry/core": {
      "version": "0.18.2",
      "resolved": "https://registry.npmjs.org/@opentelemetry/core/-/core-0.18.2.tgz",
      "integrity": "sha512-WG8veOEd8xZHuBaOHddzWQg5yj794lrEPAe6W1qI0YkV7pyqYXvhJdCxOU5Lyo1SWzTAjI5xrCUQ9J2WlrqzYA==",
      "requires": {
        "@opentelemetry/api": "^0.18.1",
        "semver": "^7.1.3"
      }
    },
    "@opentelemetry/instrumentation": {
      "version": "0.19.0",
      "resolved": "https://registry.npmjs.org/@opentelemetry/instrumentation/-/instrumentation-0.19.0.tgz",
      "integrity": "sha512-rvbJZNzgqVDO7/lvKdXoS6WJviJyV+d0lb43tF4cgFyXBvqNGCg8imS/Si4tBF0md1OvOjU+qNvjBKr/whXWOg==",
      "requires": {
        "@opentelemetry/api-metrics": "0.19.0",
        "require-in-the-middle": "^5.0.3",
        "semver": "^7.3.2",
        "shimmer": "^1.2.1"
      }
    },
    "@opentelemetry/instrumentation-express": {
      "version": "0.16.0",
      "resolved": "https://registry.npmjs.org/@opentelemetry/instrumentation-express/-/instrumentation-express-0.16.0.tgz",
      "integrity": "sha512-0OaPww90zzx7+bw9qLDcWxSttvWWcD5ZrzZrvhzrygotM914ZpCdT1YRaaLn+h6YKOQfVy1bhqKxam2WunzzLA==",
      "requires": {
        "@opentelemetry/api": "^1.0.0-rc.0",
        "@opentelemetry/core": "^0.19.0",
        "@opentelemetry/instrumentation": "^0.19.0",
        "@opentelemetry/semantic-conventions": "^0.19.0"
      },
      "dependencies": {
        "@opentelemetry/api": {
          "version": "1.0.0-rc.3",
          "resolved": "https://registry.npmjs.org/@opentelemetry/api/-/api-1.0.0-rc.3.tgz",
          "integrity": "sha512-3PlJD9uN5iZrKmX054vOifGxZ/iH24+UFD5eW8Vyz08GUU7SdW8PNu4VSpTixWeuWo+Q6TELfSv7vVu43t+tbA=="
        },
        "@opentelemetry/core": {
          "version": "0.19.0",
          "resolved": "https://registry.npmjs.org/@opentelemetry/core/-/core-0.19.0.tgz",
          "integrity": "sha512-t83FleVbHH6SWdUegclZbsnHn0OaHjq17Hd1zsJIRMM6WNuVzbXWA+3V6LCKXqUYyu3qwtZ/w45u/Nqfr5mEeQ==",
          "requires": {
            "semver": "^7.1.3"
          }
        }
      }
    },
    "@opentelemetry/instrumentation-http": {
      "version": "0.19.0",
      "resolved": "https://registry.npmjs.org/@opentelemetry/instrumentation-http/-/instrumentation-http-0.19.0.tgz",
      "integrity": "sha512-VZJvrMwUx4MCZdgF5y69Xv0q7h+D4596nAIvdhaFfAvgVW1Ihy4RnixFY+myFi1tpQfsFYDQWi9n5cKorqZ+xA==",
      "requires": {
        "@opentelemetry/instrumentation": "0.19.0",
        "@opentelemetry/semantic-conventions": "0.19.0",
        "semver": "^7.1.3"
      }
    },
    "@opentelemetry/node": {
      "version": "0.18.2",
      "resolved": "https://registry.npmjs.org/@opentelemetry/node/-/node-0.18.2.tgz",
      "integrity": "sha512-9cJtXQga3dSdkNcNyhVipxNg2g7fNa2f/lE08a035ZA3NKKIGKaPop/p+Uc5+2gmkZfzKkmkZRn9YVOBRHg/ww==",
      "requires": {
        "@opentelemetry/api": "^0.18.1",
        "@opentelemetry/context-async-hooks": "^0.18.2",
        "@opentelemetry/core": "^0.18.2",
        "@opentelemetry/tracing": "^0.18.2",
        "semver": "^7.1.3"
      }
    },
    "@opentelemetry/resources": {
      "version": "0.18.2",
      "resolved": "https://registry.npmjs.org/@opentelemetry/resources/-/resources-0.18.2.tgz",
      "integrity": "sha512-EBPqFsreXgFaqkMmWCE8vh6pFhbWExRHSO24qSeGhxFmM5SQP/D1jJqMp/jVUSmrF97fPkMS0aEH5z7NOWdxQA==",
      "requires": {
        "@opentelemetry/api": "^0.18.1",
        "@opentelemetry/core": "^0.18.2"
      }
    },
    "@opentelemetry/semantic-conventions": {
      "version": "0.19.0",
      "resolved": "https://registry.npmjs.org/@opentelemetry/semantic-conventions/-/semantic-conventions-0.19.0.tgz",
      "integrity": "sha512-MMXhYEvNakvXC+oa5muX8KS2z+rsXLXwabjuzXcbJPH+rvo5XFNQ1c7svxb0B1xPpm4KT7fnH2DVfYqQzsCteQ=="
    },
    "@opentelemetry/tracing": {
      "version": "0.18.2",
      "resolved": "https://registry.npmjs.org/@opentelemetry/tracing/-/tracing-0.18.2.tgz",
      "integrity": "sha512-IQSu+NwMhX8O9Wkjc4HjNqs/aKfkcInCE3dQuAOBBec/saLrM6jqd+Fa5QUzg03WMOqpDuZm5KTkr5+6DUrr0g==",
      "requires": {
        "@opentelemetry/api": "^0.18.1",
        "@opentelemetry/core": "^0.18.2",
        "@opentelemetry/resources": "^0.18.2",
        "@opentelemetry/semantic-conventions": "^0.18.2",
        "lodash.merge": "^4.6.2"
      },
      "dependencies": {
        "@opentelemetry/semantic-conventions": {
          "version": "0.18.2",
          "resolved": "https://registry.npmjs.org/@opentelemetry/semantic-conventions/-/semantic-conventions-0.18.2.tgz",
          "integrity": "sha512-+0P+PrP9qSFVaayNdek4P1OAGE+PEl2SsufuHDRmUpOY25Wzjo7Atyar56Trjc32jkNy4lID6ZFT6BahsR9P9A=="
        }
      }
    },
    "@types/body-parser": {
      "version": "1.19.0",
      "resolved": "https://registry.npmjs.org/@types/body-parser/-/body-parser-1.19.0.tgz",
      "integrity": "sha512-W98JrE0j2K78swW4ukqMleo8R7h/pFETjM2DQ90MF6XK2i4LO4W3gQ71Lt4w3bfm2EvVSyWHplECvB5sK22yFQ==",
      "dev": true,
      "requires": {
        "@types/connect": "*",
        "@types/node": "*"
      }
    },
    "@types/connect": {
      "version": "3.4.34",
      "resolved": "https://registry.npmjs.org/@types/connect/-/connect-3.4.34.tgz",
      "integrity": "sha512-ePPA/JuI+X0vb+gSWlPKOY0NdNAie/rPUqX2GUPpbZwiKTkSPhjXWuee47E4MtE54QVzGCQMQkAL6JhV2E1+cQ==",
      "dev": true,
      "requires": {
        "@types/node": "*"
      }
    },
    "@types/express": {
      "version": "4.17.12",
      "resolved": "https://registry.npmjs.org/@types/express/-/express-4.17.12.tgz",
      "integrity": "sha512-pTYas6FrP15B1Oa0bkN5tQMNqOcVXa9j4FTFtO8DWI9kppKib+6NJtfTOOLcwxuuYvcX2+dVG6et1SxW/Kc17Q==",
      "dev": true,
      "requires": {
        "@types/body-parser": "*",
        "@types/express-serve-static-core": "^4.17.18",
        "@types/qs": "*",
        "@types/serve-static": "*"
      }
    },
    "@types/express-serve-static-core": {
      "version": "4.17.20",
      "resolved": "https://registry.npmjs.org/@types/express-serve-static-core/-/express-serve-static-core-4.17.20.tgz",
      "integrity": "sha512-8qqFN4W53IEWa9bdmuVrUcVkFemQWnt5DKPQ/oa8xKDYgtjCr2OO6NX5TIK49NLFr3mPYU2cLh92DQquC3oWWQ==",
      "dev": true,
      "requires": {
        "@types/node": "*",
        "@types/qs": "*",
        "@types/range-parser": "*"
      }
    },
    "@types/mime": {
      "version": "1.3.2",
      "resolved": "https://registry.npmjs.org/@types/mime/-/mime-1.3.2.tgz",
      "integrity": "sha512-YATxVxgRqNH6nHEIsvg6k2Boc1JHI9ZbH5iWFFv/MTkchz3b1ieGDa5T0a9RznNdI0KhVbdbWSN+KWWrQZRxTw==",
      "dev": true
    },
    "@types/node": {
      "version": "15.6.1",
      "resolved": "https://registry.npmjs.org/@types/node/-/node-15.6.1.tgz",
      "integrity": "sha512-7EIraBEyRHEe7CH+Fm1XvgqU6uwZN8Q7jppJGcqjROMT29qhAuuOxYB1uEY5UMYQKEmA5D+5tBnhdaPXSsLONA==",
      "dev": true
    },
    "@types/qs": {
      "version": "6.9.6",
      "resolved": "https://registry.npmjs.org/@types/qs/-/qs-6.9.6.tgz",
      "integrity": "sha512-0/HnwIfW4ki2D8L8c9GVcG5I72s9jP5GSLVF0VIXDW00kmIpA6O33G7a8n59Tmh7Nz0WUC3rSb7PTY/sdW2JzA==",
      "dev": true
    },
    "@types/range-parser": {
      "version": "1.2.3",
      "resolved": "https://registry.npmjs.org/@types/range-parser/-/range-parser-1.2.3.tgz",
      "integrity": "sha512-ewFXqrQHlFsgc09MK5jP5iR7vumV/BYayNC6PgJO2LPe8vrnNFyjQjSppfEngITi0qvfKtzFvgKymGheFM9UOA==",
      "dev": true
    },
    "@types/serve-static": {
      "version": "1.13.9",
      "resolved": "https://registry.npmjs.org/@types/serve-static/-/serve-static-1.13.9.tgz",
      "integrity": "sha512-ZFqF6qa48XsPdjXV5Gsz0Zqmux2PerNd3a/ktL45mHpa19cuMi/cL8tcxdAx497yRh+QtYPuofjT9oWw9P7nkA==",
      "dev": true,
      "requires": {
        "@types/mime": "^1",
        "@types/node": "*"
      }
    },
    "bluebird": {
      "version": "3.7.2",
      "resolved": "https://registry.npmjs.org/bluebird/-/bluebird-3.7.2.tgz",
      "integrity": "sha512-XpNj6GDQzdfW+r2Wnn7xiSAd7TM3jzkxGXBGTtWKuSXv1xUV+azxAm8jdWZN06QTQk+2N2XB9jRDkvbmQmcRtg=="
    },
    "debug": {
      "version": "4.3.1",
      "resolved": "https://registry.npmjs.org/debug/-/debug-4.3.1.tgz",
      "integrity": "sha512-doEwdvm4PCeK4K3RQN2ZC2BYUBaxwLARCqZmMjtF8a51J2Rb0xpVloFRnCODwqjpwnAoao4pelN8l3RJdv3gRQ==",
      "requires": {
        "ms": "2.1.2"
      }
    },
    "function-bind": {
      "version": "1.1.1",
      "resolved": "https://registry.npmjs.org/function-bind/-/function-bind-1.1.1.tgz",
      "integrity": "sha512-yIovAzMX49sF8Yl58fSCWJ5svSLuaibPxXQJFLmBObTuCr0Mf1KiPopGM9NiFjiYBCbfaa2Fh6breQ6ANVTI0A=="
    },
    "has": {
      "version": "1.0.3",
      "resolved": "https://registry.npmjs.org/has/-/has-1.0.3.tgz",
      "integrity": "sha512-f2dvO0VU6Oej7RkWJGrehjbzMAjFp5/VKPp5tTpWIV4JHHZK1/BxbFRtf/siA2SWTe09caDmVtYYzWEIbBS4zw==",
      "requires": {
        "function-bind": "^1.1.1"
      }
    },
    "is-core-module": {
      "version": "2.4.0",
      "resolved": "https://registry.npmjs.org/is-core-module/-/is-core-module-2.4.0.tgz",
      "integrity": "sha512-6A2fkfq1rfeQZjxrZJGerpLCTHRNEBiSgnu0+obeJpEPZRUooHgsizvzv0ZjJwOz3iWIHdJtVWJ/tmPr3D21/A==",
      "requires": {
        "has": "^1.0.3"
      }
    },
    "lodash.merge": {
      "version": "4.6.2",
      "resolved": "https://registry.npmjs.org/lodash.merge/-/lodash.merge-4.6.2.tgz",
      "integrity": "sha512-0KpjqXRVvrYyCsX1swR/XTK0va6VQkQM6MNo7PqW77ByjAhoARA8EfrP1N4+KlKj8YS0ZUCtRT/YUuhyYDujIQ=="
    },
    "lru-cache": {
      "version": "6.0.0",
      "resolved": "https://registry.npmjs.org/lru-cache/-/lru-cache-6.0.0.tgz",
      "integrity": "sha512-Jo6dJ04CmSjuznwJSS3pUeWmd/H0ffTlkXXgwZi+eq1UCmqQwCh+eLsYOYCwY991i2Fah4h1BEMCx4qThGbsiA==",
      "requires": {
        "yallist": "^4.0.0"
      }
    },
    "module-details-from-path": {
      "version": "1.0.3",
      "resolved": "https://registry.npmjs.org/module-details-from-path/-/module-details-from-path-1.0.3.tgz",
      "integrity": "sha1-EUyUlnPiqKNenTV4hSeqN7Z52is="
    },
    "ms": {
      "version": "2.1.2",
      "resolved": "https://registry.npmjs.org/ms/-/ms-2.1.2.tgz",
      "integrity": "sha512-sGkPx+VjMtmA6MX27oA4FBFELFCZZ4S4XqeGOXCv68tT+jb3vk/RyaKWP0PTKyWtmLSM0b+adUTEvbs1PEaH2w=="
    },
    "path-parse": {
      "version": "1.0.7",
      "resolved": "https://registry.npmjs.org/path-parse/-/path-parse-1.0.7.tgz",
      "integrity": "sha512-LDJzPVEEEPR+y48z93A0Ed0yXb8pAByGWo/k5YYdYgpY2/2EsOsksJrq7lOHxryrVOn1ejG6oAp8ahvOIQD8sw=="
    },
    "require-in-the-middle": {
      "version": "5.1.0",
      "resolved": "https://registry.npmjs.org/require-in-the-middle/-/require-in-the-middle-5.1.0.tgz",
      "integrity": "sha512-M2rLKVupQfJ5lf9OvqFGIT+9iVLnTmjgbOmpil12hiSQNn5zJTKGPoIisETNjfK+09vP3rpm1zJajmErpr2sEQ==",
      "requires": {
        "debug": "^4.1.1",
        "module-details-from-path": "^1.0.3",
        "resolve": "^1.12.0"
      }
    },
    "resolve": {
      "version": "1.20.0",
      "resolved": "https://registry.npmjs.org/resolve/-/resolve-1.20.0.tgz",
      "integrity": "sha512-wENBPt4ySzg4ybFQW2TT1zMQucPK95HSh/nq2CFTZVOGut2+pQvSsgtda4d26YrYcr067wjbmzOG8byDPBX63A==",
      "requires": {
        "is-core-module": "^2.2.0",
        "path-parse": "^1.0.6"
      }
    },
    "semver": {
      "version": "7.3.5",
      "resolved": "https://registry.npmjs.org/semver/-/semver-7.3.5.tgz",
      "integrity": "sha512-PoeGJYh8HK4BTO/a9Tf6ZG3veo/A7ZVsYrSA6J8ny9nb3B1VrpkuN+z9OE5wfE5p6H4LchYZsegiQgbJD94ZFQ==",
      "requires": {
        "lru-cache": "^6.0.0"
      }
    },
    "shimmer": {
      "version": "1.2.1",
      "resolved": "https://registry.npmjs.org/shimmer/-/shimmer-1.2.1.tgz",
      "integrity": "sha512-sQTKC1Re/rM6XyFM6fIAGHRPVGvyXfgzIDvzoq608vM+jeyVD0Tu1E6Np0Kc2zAIFWIj963V2800iF/9LPieQw=="
    },
    "yallist": {
      "version": "4.0.0",
      "resolved": "https://registry.npmjs.org/yallist/-/yallist-4.0.0.tgz",
      "integrity": "sha512-3wdGidZyq5PB084XLES5TpOSRA3wjXAlIWMhum2kRcv/41Sn2emQ0dycQW4uZXLejwKvg6EsvbdlVL+FYEct7A=="
    }
  }
}
